
Microsoft Visual Studio Solution File, Format Version 12.00
# Visual Studio Version 17
VisualStudioVersion = 17.0.31912.275
MinimumVisualStudioVersion = 10.0.40219.1
Project("{FAE04EC0-301F-11D3-BF4B-00C04F79EFBC}") = "014ArraysNLists", "014ArraysNLists.csproj", "{3386DAAE-DC4B-4734-A82A-47863686515B}"
EndProject
Global
	GlobalSection(SolutionConfigurationPlatforms) = preSolution
		Debug|Any CPU = Debug|Any CPU
		Release|Any CPU = Release|Any CPU
	EndGlobalSection
	GlobalSection(ProjectConfigurationPlatforms) = postSolution
		{3386DAAE-DC4B-4734-A82A-47863686515B}.Debug|Any CPU.ActiveCfg = Debug|Any CPU
		{3386DAAE-DC4B-4734-A82A-47863686515B}.Debug|Any CPU.Build.0 = Debug|Any CPU
		{3386DAAE-DC4B-4734-A82A-47863686515B}.Release|Any CPU.ActiveCfg = Release|Any CPU
		{3386DAAE-DC4B-4734-A82A-47863686515B}.Release|Any CPU.Build.0 = Release|Any CPU
	EndGlobalSection
	GlobalSection(SolutionProperties) = preSolution
		HideSolutionNode = FALSE
	EndGlobalSection
	GlobalSection(ExtensibilityGlobals) = postSolution
		SolutionGuid = {58E79499-27C4-48DF-95DF-8A273A64B785}
	EndGlobalSection
EndGlobal
