
Microsoft Visual Studio Solution File, Format Version 12.00
# Visual Studio Version 17
VisualStudioVersion = 17.0.31912.275
MinimumVisualStudioVersion = 10.0.40219.1
Project("{FAE04EC0-301F-11D3-BF4B-00C04F79EFBC}") = "046NullableTypes", "046NullableTypes.csproj", "{7FBF1367-81F8-402A-8FCE-92FA5FD103CA}"
EndProject
Global
	GlobalSection(SolutionConfigurationPlatforms) = preSolution
		Debug|Any CPU = Debug|Any CPU
		Release|Any CPU = Release|Any CPU
	EndGlobalSection
	GlobalSection(ProjectConfigurationPlatforms) = postSolution
		{7FBF1367-81F8-402A-8FCE-92FA5FD103CA}.Debug|Any CPU.ActiveCfg = Debug|Any CPU
		{7FBF1367-81F8-402A-8FCE-92FA5FD103CA}.Debug|Any CPU.Build.0 = Debug|Any CPU
		{7FBF1367-81F8-402A-8FCE-92FA5FD103CA}.Release|Any CPU.ActiveCfg = Release|Any CPU
		{7FBF1367-81F8-402A-8FCE-92FA5FD103CA}.Release|Any CPU.Build.0 = Release|Any CPU
	EndGlobalSection
	GlobalSection(SolutionProperties) = preSolution
		HideSolutionNode = FALSE
	EndGlobalSection
	GlobalSection(ExtensibilityGlobals) = postSolution
		SolutionGuid = {43925716-7A7D-4A38-B838-3FB139DA74B9}
	EndGlobalSection
EndGlobal
