
Microsoft Visual Studio Solution File, Format Version 12.00
# Visual Studio Version 17
VisualStudioVersion = 17.0.31912.275
MinimumVisualStudioVersion = 10.0.40219.1
Project("{FAE04EC0-301F-11D3-BF4B-00C04F79EFBC}") = "022Classes", "022Classes.csproj", "{22E5BFAA-79F8-42B0-A868-0D2CC30D7362}"
EndProject
Global
	GlobalSection(SolutionConfigurationPlatforms) = preSolution
		Debug|Any CPU = Debug|Any CPU
		Release|Any CPU = Release|Any CPU
	EndGlobalSection
	GlobalSection(ProjectConfigurationPlatforms) = postSolution
		{22E5BFAA-79F8-42B0-A868-0D2CC30D7362}.Debug|Any CPU.ActiveCfg = Debug|Any CPU
		{22E5BFAA-79F8-42B0-A868-0D2CC30D7362}.Debug|Any CPU.Build.0 = Debug|Any CPU
		{22E5BFAA-79F8-42B0-A868-0D2CC30D7362}.Release|Any CPU.ActiveCfg = Release|Any CPU
		{22E5BFAA-79F8-42B0-A868-0D2CC30D7362}.Release|Any CPU.Build.0 = Release|Any CPU
	EndGlobalSection
	GlobalSection(SolutionProperties) = preSolution
		HideSolutionNode = FALSE
	EndGlobalSection
	GlobalSection(ExtensibilityGlobals) = postSolution
		SolutionGuid = {55D099EB-8938-477D-968C-67B9AEE39D95}
	EndGlobalSection
EndGlobal
