
Microsoft Visual Studio Solution File, Format Version 12.00
# Visual Studio Version 17
VisualStudioVersion = 17.0.31912.275
MinimumVisualStudioVersion = 10.0.40219.1
Project("{FAE04EC0-301F-11D3-BF4B-00C04F79EFBC}") = "021Debugging", "021Debugging.csproj", "{5A296575-3B86-4109-9514-6D5A80EA05EE}"
EndProject
Global
	GlobalSection(SolutionConfigurationPlatforms) = preSolution
		Debug|Any CPU = Debug|Any CPU
		Release|Any CPU = Release|Any CPU
	EndGlobalSection
	GlobalSection(ProjectConfigurationPlatforms) = postSolution
		{5A296575-3B86-4109-9514-6D5A80EA05EE}.Debug|Any CPU.ActiveCfg = Debug|Any CPU
		{5A296575-3B86-4109-9514-6D5A80EA05EE}.Debug|Any CPU.Build.0 = Debug|Any CPU
		{5A296575-3B86-4109-9514-6D5A80EA05EE}.Release|Any CPU.ActiveCfg = Release|Any CPU
		{5A296575-3B86-4109-9514-6D5A80EA05EE}.Release|Any CPU.Build.0 = Release|Any CPU
	EndGlobalSection
	GlobalSection(SolutionProperties) = preSolution
		HideSolutionNode = FALSE
	EndGlobalSection
	GlobalSection(ExtensibilityGlobals) = postSolution
		SolutionGuid = {13B835F2-2CD6-4BE2-BA26-DE764AE2F422}
	EndGlobalSection
EndGlobal
