
Microsoft Visual Studio Solution File, Format Version 12.00
# Visual Studio Version 17
VisualStudioVersion = 17.0.31912.275
MinimumVisualStudioVersion = 10.0.40219.1
Project("{FAE04EC0-301F-11D3-BF4B-00C04F79EFBC}") = "038Extensibility", "038Extensibility.csproj", "{BDE63880-C83F-4532-82FD-75EE344F378C}"
EndProject
Global
	GlobalSection(SolutionConfigurationPlatforms) = preSolution
		Debug|Any CPU = Debug|Any CPU
		Release|Any CPU = Release|Any CPU
	EndGlobalSection
	GlobalSection(ProjectConfigurationPlatforms) = postSolution
		{BDE63880-C83F-4532-82FD-75EE344F378C}.Debug|Any CPU.ActiveCfg = Debug|Any CPU
		{BDE63880-C83F-4532-82FD-75EE344F378C}.Debug|Any CPU.Build.0 = Debug|Any CPU
		{BDE63880-C83F-4532-82FD-75EE344F378C}.Release|Any CPU.ActiveCfg = Release|Any CPU
		{BDE63880-C83F-4532-82FD-75EE344F378C}.Release|Any CPU.Build.0 = Release|Any CPU
	EndGlobalSection
	GlobalSection(SolutionProperties) = preSolution
		HideSolutionNode = FALSE
	EndGlobalSection
	GlobalSection(ExtensibilityGlobals) = postSolution
		SolutionGuid = {C547A704-559A-45B4-80BC-2B80D24381B6}
	EndGlobalSection
EndGlobal
