
Microsoft Visual Studio Solution File, Format Version 12.00
# Visual Studio Version 17
VisualStudioVersion = 17.0.31912.275
MinimumVisualStudioVersion = 10.0.40219.1
Project("{FAE04EC0-301F-11D3-BF4B-00C04F79EFBC}") = "035ThirdPillarOfOOPPolyMorphism", "035ThirdPillarOfOOPPolyMorphism.csproj", "{0EB74576-6638-4597-8AAE-17A8FAE36ADE}"
EndProject
Global
	GlobalSection(SolutionConfigurationPlatforms) = preSolution
		Debug|Any CPU = Debug|Any CPU
		Release|Any CPU = Release|Any CPU
	EndGlobalSection
	GlobalSection(ProjectConfigurationPlatforms) = postSolution
		{0EB74576-6638-4597-8AAE-17A8FAE36ADE}.Debug|Any CPU.ActiveCfg = Debug|Any CPU
		{0EB74576-6638-4597-8AAE-17A8FAE36ADE}.Debug|Any CPU.Build.0 = Debug|Any CPU
		{0EB74576-6638-4597-8AAE-17A8FAE36ADE}.Release|Any CPU.ActiveCfg = Release|Any CPU
		{0EB74576-6638-4597-8AAE-17A8FAE36ADE}.Release|Any CPU.Build.0 = Release|Any CPU
	EndGlobalSection
	GlobalSection(SolutionProperties) = preSolution
		HideSolutionNode = FALSE
	EndGlobalSection
	GlobalSection(ExtensibilityGlobals) = postSolution
		SolutionGuid = {7CF8B64A-F865-48A6-83B1-16BC1B875538}
	EndGlobalSection
EndGlobal
