
Microsoft Visual Studio Solution File, Format Version 12.00
# Visual Studio Version 17
VisualStudioVersion = 17.0.31912.275
MinimumVisualStudioVersion = 10.0.40219.1
Project("{FAE04EC0-301F-11D3-BF4B-00C04F79EFBC}") = "031SecondPillarofOOPInheritance", "031SecondPillarofOOPInheritance.csproj", "{B8A75583-65DE-430D-A7DB-8761F32ABEDA}"
EndProject
Global
	GlobalSection(SolutionConfigurationPlatforms) = preSolution
		Debug|Any CPU = Debug|Any CPU
		Release|Any CPU = Release|Any CPU
	EndGlobalSection
	GlobalSection(ProjectConfigurationPlatforms) = postSolution
		{B8A75583-65DE-430D-A7DB-8761F32ABEDA}.Debug|Any CPU.ActiveCfg = Debug|Any CPU
		{B8A75583-65DE-430D-A7DB-8761F32ABEDA}.Debug|Any CPU.Build.0 = Debug|Any CPU
		{B8A75583-65DE-430D-A7DB-8761F32ABEDA}.Release|Any CPU.ActiveCfg = Release|Any CPU
		{B8A75583-65DE-430D-A7DB-8761F32ABEDA}.Release|Any CPU.Build.0 = Release|Any CPU
	EndGlobalSection
	GlobalSection(SolutionProperties) = preSolution
		HideSolutionNode = FALSE
	EndGlobalSection
	GlobalSection(ExtensibilityGlobals) = postSolution
		SolutionGuid = {FA40762C-2573-4D11-ACD1-1FFB057C9B1F}
	EndGlobalSection
EndGlobal
