
Microsoft Visual Studio Solution File, Format Version 12.00
# Visual Studio Version 17
VisualStudioVersion = 17.0.31912.275
MinimumVisualStudioVersion = 10.0.40219.1
Project("{FAE04EC0-301F-11D3-BF4B-00C04F79EFBC}") = "025Fields", "025Fields.csproj", "{5872BEB9-6814-42BF-9269-D05750EE1AED}"
EndProject
Global
	GlobalSection(SolutionConfigurationPlatforms) = preSolution
		Debug|Any CPU = Debug|Any CPU
		Release|Any CPU = Release|Any CPU
	EndGlobalSection
	GlobalSection(ProjectConfigurationPlatforms) = postSolution
		{5872BEB9-6814-42BF-9269-D05750EE1AED}.Debug|Any CPU.ActiveCfg = Debug|Any CPU
		{5872BEB9-6814-42BF-9269-D05750EE1AED}.Debug|Any CPU.Build.0 = Debug|Any CPU
		{5872BEB9-6814-42BF-9269-D05750EE1AED}.Release|Any CPU.ActiveCfg = Release|Any CPU
		{5872BEB9-6814-42BF-9269-D05750EE1AED}.Release|Any CPU.Build.0 = Release|Any CPU
	EndGlobalSection
	GlobalSection(SolutionProperties) = preSolution
		HideSolutionNode = FALSE
	EndGlobalSection
	GlobalSection(ExtensibilityGlobals) = postSolution
		SolutionGuid = {ABE95DDF-375F-45BE-8D34-5C06C89EF50A}
	EndGlobalSection
EndGlobal
