
Microsoft Visual Studio Solution File, Format Version 12.00
# Visual Studio Version 17
VisualStudioVersion = 17.0.31912.275
MinimumVisualStudioVersion = 10.0.40219.1
Project("{FAE04EC0-301F-11D3-BF4B-00C04F79EFBC}") = "020WorkingWithFiles", "020WorkingWithFiles.csproj", "{1A947810-892D-4C56-8E5A-1782FD345B01}"
EndProject
Global
	GlobalSection(SolutionConfigurationPlatforms) = preSolution
		Debug|Any CPU = Debug|Any CPU
		Release|Any CPU = Release|Any CPU
	EndGlobalSection
	GlobalSection(ProjectConfigurationPlatforms) = postSolution
		{1A947810-892D-4C56-8E5A-1782FD345B01}.Debug|Any CPU.ActiveCfg = Debug|Any CPU
		{1A947810-892D-4C56-8E5A-1782FD345B01}.Debug|Any CPU.Build.0 = Debug|Any CPU
		{1A947810-892D-4C56-8E5A-1782FD345B01}.Release|Any CPU.ActiveCfg = Release|Any CPU
		{1A947810-892D-4C56-8E5A-1782FD345B01}.Release|Any CPU.Build.0 = Release|Any CPU
	EndGlobalSection
	GlobalSection(SolutionProperties) = preSolution
		HideSolutionNode = FALSE
	EndGlobalSection
	GlobalSection(ExtensibilityGlobals) = postSolution
		SolutionGuid = {530B1DFB-FF8E-4245-AB0A-0E9C53ED4F00}
	EndGlobalSection
EndGlobal
